{
    "_readme": [
        "This file locks the dependencies of your project to a known state",
        "Read more about it at https://getcomposer.org/doc/01-basic-usage.md#installing-dependencies",
        "This file is @generated automatically"
    ],
    "content-hash": "d9eb1d5231f4ab6c6997298eef36ead8",
    "packages": [
        {
            "name": "thiagoprz/eloquent-composite-key",
            "version": "1.0.1",
            "source": {
                "type": "git",
                "url": "https://github.com/thiagoprz/eloquent-composite-key.git",
                "reference": "43012fa195db8517a5344355aa83cd39aaa466aa"
            },
            "dist": {
                "type": "zip",
                "url": "https://api.github.com/repos/thiagoprz/eloquent-composite-key/zipball/43012fa195db8517a5344355aa83cd39aaa466aa",
                "reference": "43012fa195db8517a5344355aa83cd39aaa466aa",
                "shasum": ""
            },
            "require": {
                "php": "^7.1 || ^8.0 || ^8.1"
            },
            "require-dev": {
                "orchestra/testbench": "6",
                "squizlabs/php_codesniffer": "4.0.x-dev"
            },
            "type": "library",
            "autoload": {
                "psr-4": {
                    "Thiagoprz\\CompositeKey\\": "src"
                },
                "classmap": [
                    "src/"
                ]
            },
            "notification-url": "https://packagist.org/downloads/",
            "license": [
                "MIT"
            ],
            "authors": [
                {
                    "name": "Thiago Przyczynski",
                    "email": "przyczynski@gmail.com"
                }
            ],
            "description": "Eloquent Composite Key Support Package",
            "support": {
                "issues": "https://github.com/thiagoprz/eloquent-composite-key/issues",
                "source": "https://github.com/thiagoprz/eloquent-composite-key/tree/1.0.1"
            },
            "time": "2022-04-20T19:12:31+00:00"
        }
    ],
    "packages-dev": [],
    "aliases": [],
    "minimum-stability": "stable",
    "stability-flags": [],
    "prefer-stable": false,
    "prefer-lowest": false,
    "platform": [],
    "platform-dev": [],
    "plugin-api-version": "2.6.0"
}
